// !$*UTF8*$!
{
	archiveVersion = 1;
	classes = {
	};
	objectVersion = 55;
	objects = {

/* Begin PBXBuildFile section */
		DC026C112799513A002285CD /* SearchBarView.swift in Sources */ = {isa = PBXBuildFile; fileRef = DC026C102799513A002285CD /* SearchBarView.swift */; };
		DC3704542798FE5600FC2759 /* SeoulNamsanEB.otf in Resources */ = {isa = PBXBuildFile; fileRef = DC37044F2798FE5600FC2759 /* SeoulNamsanEB.otf */; };
		DC3704552798FE5600FC2759 /* SeoulNamsanM.otf in Resources */ = {isa = PBXBuildFile; fileRef = DC3704502798FE5600FC2759 /* SeoulNamsanM.otf */; };
		DC3704562798FE5600FC2759 /* SeoulNamsanvert.otf in Resources */ = {isa = PBXBuildFile; fileRef = DC3704512798FE5600FC2759 /* SeoulNamsanvert.otf */; };
		DC3704572798FE5600FC2759 /* SeoulNamsanL.otf in Resources */ = {isa = PBXBuildFile; fileRef = DC3704522798FE5600FC2759 /* SeoulNamsanL.otf */; };
		DC3704582798FE5600FC2759 /* SeoulNamsanB.otf in Resources */ = {isa = PBXBuildFile; fileRef = DC3704532798FE5600FC2759 /* SeoulNamsanB.otf */; };
		DC37045A27991A6D00FC2759 /* AddThingunView.swift in Sources */ = {isa = PBXBuildFile; fileRef = DC37045927991A6D00FC2759 /* AddThingunView.swift */; };
		DC37045D27991DD700FC2759 /* ThingunDataModel.xcdatamodeld in Sources */ = {isa = PBXBuildFile; fileRef = DC37045B27991DD700FC2759 /* ThingunDataModel.xcdatamodeld */; };
		DC370462279920D200FC2759 /* Thingun+CoreDataClass.swift in Sources */ = {isa = PBXBuildFile; fileRef = DC37045E279920D200FC2759 /* Thingun+CoreDataClass.swift */; };
		DC370463279920D200FC2759 /* Thingun+CoreDataProperties.swift in Sources */ = {isa = PBXBuildFile; fileRef = DC37045F279920D200FC2759 /* Thingun+CoreDataProperties.swift */; };
		DC370464279920D200FC2759 /* Notes+CoreDataClass.swift in Sources */ = {isa = PBXBuildFile; fileRef = DC370460279920D200FC2759 /* Notes+CoreDataClass.swift */; };
		DC370465279920D200FC2759 /* Notes+CoreDataProperties.swift in Sources */ = {isa = PBXBuildFile; fileRef = DC370461279920D200FC2759 /* Notes+CoreDataProperties.swift */; };
		DC370486279938B700FC2759 /* Persistence.swift in Sources */ = {isa = PBXBuildFile; fileRef = DC370485279938B700FC2759 /* Persistence.swift */; };
		DC37048827993B0D00FC2759 /* Constants.swift in Sources */ = {isa = PBXBuildFile; fileRef = DC37048727993B0D00FC2759 /* Constants.swift */; };
		DC69DDF8279AB02800239265 /* EditThingunView.swift in Sources */ = {isa = PBXBuildFile; fileRef = DC69DDF7279AB02800239265 /* EditThingunView.swift */; };
		DCBC4DEE279851C10013E746 /* myThingunApp.swift in Sources */ = {isa = PBXBuildFile; fileRef = DCBC4DED279851C10013E746 /* myThingunApp.swift */; };
		DCBC4DF0279851C10013E746 /* ThingunTabView.swift in Sources */ = {isa = PBXBuildFile; fileRef = DCBC4DEF279851C10013E746 /* ThingunTabView.swift */; };
		DCBC4DF2279851C30013E746 /* Assets.xcassets in Resources */ = {isa = PBXBuildFile; fileRef = DCBC4DF1279851C30013E746 /* Assets.xcassets */; };
		DCBC4DF5279851C30013E746 /* Preview Assets.xcassets in Resources */ = {isa = PBXBuildFile; fileRef = DCBC4DF4279851C30013E746 /* Preview Assets.xcassets */; };
		DCBC4E012798526F0013E746 /* thinguns.json in Resources */ = {isa = PBXBuildFile; fileRef = DCBC4E002798526F0013E746 /* thinguns.json */; };
		DCBC4E03279855470013E746 /* ThingunFeaturedView.swift in Sources */ = {isa = PBXBuildFile; fileRef = DCBC4E02279855470013E746 /* ThingunFeaturedView.swift */; };
		DCBC4E07279855A40013E746 /* Thingun.swift in Sources */ = {isa = PBXBuildFile; fileRef = DCBC4E06279855A40013E746 /* Thingun.swift */; };
		DCBC4E09279856920013E746 /* DataService.swift in Sources */ = {isa = PBXBuildFile; fileRef = DCBC4E08279856920013E746 /* DataService.swift */; };
		DCBC4E0C279858EA0013E746 /* ThingunModel.swift in Sources */ = {isa = PBXBuildFile; fileRef = DCBC4E0B279858EA0013E746 /* ThingunModel.swift */; };
		DCBC4E0E27985B380013E746 /* ThingunDetailView.swift in Sources */ = {isa = PBXBuildFile; fileRef = DCBC4E0D27985B380013E746 /* ThingunDetailView.swift */; };
		DCDCDE6527C6290F00D5333F /* Localizable.strings in Resources */ = {isa = PBXBuildFile; fileRef = DCDCDE6727C6290F00D5333F /* Localizable.strings */; };
		DCDCDE6A27C638B900D5333F /* thinguns_eng.json in Resources */ = {isa = PBXBuildFile; fileRef = DCDCDE6927C638B900D5333F /* thinguns_eng.json */; };
		DCF3761E2799B72900B0791A /* AddMetaData.swift in Sources */ = {isa = PBXBuildFile; fileRef = DCF3761D2799B72900B0791A /* AddMetaData.swift */; };
		DCF376202799C28900B0791A /* ImagePicker.swift in Sources */ = {isa = PBXBuildFile; fileRef = DCF3761F2799C28900B0791A /* ImagePicker.swift */; };
		DCF376222799DE0600B0791A /* TextBox.swift in Sources */ = {isa = PBXBuildFile; fileRef = DCF376212799DE0600B0791A /* TextBox.swift */; };
		DCF37625279A63B300B0791A /* ListView.swift in Sources */ = {isa = PBXBuildFile; fileRef = DCF37624279A63B300B0791A /* ListView.swift */; };
/* End PBXBuildFile section */

/* Begin PBXFileReference section */
		DC026C102799513A002285CD /* SearchBarView.swift */ = {isa = PBXFileReference; lastKnownFileType = sourcecode.swift; path = SearchBarView.swift; sourceTree = "<group>"; };
		DC37044F2798FE5600FC2759 /* SeoulNamsanEB.otf */ = {isa = PBXFileReference; lastKnownFileType = file; path = SeoulNamsanEB.otf; sourceTree = "<group>"; };
		DC3704502798FE5600FC2759 /* SeoulNamsanM.otf */ = {isa = PBXFileReference; lastKnownFileType = file; path = SeoulNamsanM.otf; sourceTree = "<group>"; };
		DC3704512798FE5600FC2759 /* SeoulNamsanvert.otf */ = {isa = PBXFileReference; lastKnownFileType = file; path = SeoulNamsanvert.otf; sourceTree = "<group>"; };
		DC3704522798FE5600FC2759 /* SeoulNamsanL.otf */ = {isa = PBXFileReference; lastKnownFileType = file; path = SeoulNamsanL.otf; sourceTree = "<group>"; };
		DC3704532798FE5600FC2759 /* SeoulNamsanB.otf */ = {isa = PBXFileReference; lastKnownFileType = file; path = SeoulNamsanB.otf; sourceTree = "<group>"; };
		DC37045927991A6D00FC2759 /* AddThingunView.swift */ = {isa = PBXFileReference; lastKnownFileType = sourcecode.swift; path = AddThingunView.swift; sourceTree = "<group>"; };
		DC37045C27991DD700FC2759 /* ThingunDataModel.xcdatamodel */ = {isa = PBXFileReference; lastKnownFileType = wrapper.xcdatamodel; path = ThingunDataModel.xcdatamodel; sourceTree = "<group>"; };
		DC37045E279920D200FC2759 /* Thingun+CoreDataClass.swift */ = {isa = PBXFileReference; lastKnownFileType = sourcecode.swift; path = "Thingun+CoreDataClass.swift"; sourceTree = "<group>"; };
		DC37045F279920D200FC2759 /* Thingun+CoreDataProperties.swift */ = {isa = PBXFileReference; lastKnownFileType = sourcecode.swift; path = "Thingun+CoreDataProperties.swift"; sourceTree = "<group>"; };
		DC370460279920D200FC2759 /* Notes+CoreDataClass.swift */ = {isa = PBXFileReference; lastKnownFileType = sourcecode.swift; path = "Notes+CoreDataClass.swift"; sourceTree = "<group>"; };
		DC370461279920D200FC2759 /* Notes+CoreDataProperties.swift */ = {isa = PBXFileReference; lastKnownFileType = sourcecode.swift; path = "Notes+CoreDataProperties.swift"; sourceTree = "<group>"; };
		DC370485279938B700FC2759 /* Persistence.swift */ = {isa = PBXFileReference; fileEncoding = 4; lastKnownFileType = sourcecode.swift; path = Persistence.swift; sourceTree = "<group>"; };
		DC37048727993B0D00FC2759 /* Constants.swift */ = {isa = PBXFileReference; lastKnownFileType = sourcecode.swift; path = Constants.swift; sourceTree = "<group>"; };
		DC69DDF7279AB02800239265 /* EditThingunView.swift */ = {isa = PBXFileReference; lastKnownFileType = sourcecode.swift; path = EditThingunView.swift; sourceTree = "<group>"; };
		DCBC4DEA279851C10013E746 /* myThingun.app */ = {isa = PBXFileReference; explicitFileType = wrapper.application; includeInIndex = 0; path = myThingun.app; sourceTree = BUILT_PRODUCTS_DIR; };
		DCBC4DED279851C10013E746 /* myThingunApp.swift */ = {isa = PBXFileReference; lastKnownFileType = sourcecode.swift; path = myThingunApp.swift; sourceTree = "<group>"; };
		DCBC4DEF279851C10013E746 /* ThingunTabView.swift */ = {isa = PBXFileReference; lastKnownFileType = sourcecode.swift; path = ThingunTabView.swift; sourceTree = "<group>"; };
		DCBC4DF1279851C30013E746 /* Assets.xcassets */ = {isa = PBXFileReference; lastKnownFileType = folder.assetcatalog; path = Assets.xcassets; sourceTree = "<group>"; };
		DCBC4DF4279851C30013E746 /* Preview Assets.xcassets */ = {isa = PBXFileReference; lastKnownFileType = folder.assetcatalog; path = "Preview Assets.xcassets"; sourceTree = "<group>"; };
		DCBC4E002798526F0013E746 /* thinguns.json */ = {isa = PBXFileReference; lastKnownFileType = text.json; path = thinguns.json; sourceTree = "<group>"; };
		DCBC4E02279855470013E746 /* ThingunFeaturedView.swift */ = {isa = PBXFileReference; lastKnownFileType = sourcecode.swift; path = ThingunFeaturedView.swift; sourceTree = "<group>"; };
		DCBC4E06279855A40013E746 /* Thingun.swift */ = {isa = PBXFileReference; lastKnownFileType = sourcecode.swift; path = Thingun.swift; sourceTree = "<group>"; };
		DCBC4E08279856920013E746 /* DataService.swift */ = {isa = PBXFileReference; lastKnownFileType = sourcecode.swift; path = DataService.swift; sourceTree = "<group>"; };
		DCBC4E0B279858EA0013E746 /* ThingunModel.swift */ = {isa = PBXFileReference; lastKnownFileType = sourcecode.swift; path = ThingunModel.swift; sourceTree = "<group>"; };
		DCBC4E0D27985B380013E746 /* ThingunDetailView.swift */ = {isa = PBXFileReference; lastKnownFileType = sourcecode.swift; path = ThingunDetailView.swift; sourceTree = "<group>"; };
		DCBC4E0F279876DC0013E746 /* Info.plist */ = {isa = PBXFileReference; lastKnownFileType = text.plist; path = Info.plist; sourceTree = "<group>"; };
		DCDCDE6627C6290F00D5333F /* en */ = {isa = PBXFileReference; lastKnownFileType = text.plist.strings; name = en; path = en.lproj/Localizable.strings; sourceTree = "<group>"; };
		DCDCDE6827C6293D00D5333F /* ko */ = {isa = PBXFileReference; lastKnownFileType = text.plist.strings; name = ko; path = ko.lproj/Localizable.strings; sourceTree = "<group>"; };
		DCDCDE6927C638B900D5333F /* thinguns_eng.json */ = {isa = PBXFileReference; fileEncoding = 4; lastKnownFileType = text.json; path = thinguns_eng.json; sourceTree = "<group>"; };
		DCF3761D2799B72900B0791A /* AddMetaData.swift */ = {isa = PBXFileReference; lastKnownFileType = sourcecode.swift; path = AddMetaData.swift; sourceTree = "<group>"; };
		DCF3761F2799C28900B0791A /* ImagePicker.swift */ = {isa = PBXFileReference; lastKnownFileType = sourcecode.swift; path = ImagePicker.swift; sourceTree = "<group>"; };
		DCF376212799DE0600B0791A /* TextBox.swift */ = {isa = PBXFileReference; lastKnownFileType = sourcecode.swift; path = TextBox.swift; sourceTree = "<group>"; };
		DCF37624279A63B300B0791A /* ListView.swift */ = {isa = PBXFileReference; lastKnownFileType = sourcecode.swift; path = ListView.swift; sourceTree = "<group>"; };
/* End PBXFileReference section */

/* Begin PBXFrameworksBuildPhase section */
		DCBC4DE7279851C10013E746 /* Frameworks */ = {
			isa = PBXFrameworksBuildPhase;
			buildActionMask = 2147483647;
			files = (
			);
			runOnlyForDeploymentPostprocessing = 0;
		};
/* End PBXFrameworksBuildPhase section */

/* Begin PBXGroup section */
		DC37044E2798FDF600FC2759 /* Fonts */ = {
			isa = PBXGroup;
			children = (
				DC3704532798FE5600FC2759 /* SeoulNamsanB.otf */,
				DC37044F2798FE5600FC2759 /* SeoulNamsanEB.otf */,
				DC3704522798FE5600FC2759 /* SeoulNamsanL.otf */,
				DC3704502798FE5600FC2759 /* SeoulNamsanM.otf */,
				DC3704512798FE5600FC2759 /* SeoulNamsanvert.otf */,
			);
			path = Fonts;
			sourceTree = "<group>";
		};
		DCBC4DE1279851C10013E746 = {
			isa = PBXGroup;
			children = (
				DCBC4DEC279851C10013E746 /* myThingun */,
				DCBC4DEB279851C10013E746 /* Products */,
			);
			sourceTree = "<group>";
		};
		DCBC4DEB279851C10013E746 /* Products */ = {
			isa = PBXGroup;
			children = (
				DCBC4DEA279851C10013E746 /* myThingun.app */,
			);
			name = Products;
			sourceTree = "<group>";
		};
		DCBC4DEC279851C10013E746 /* myThingun */ = {
			isa = PBXGroup;
			children = (
				DCBC4DED279851C10013E746 /* myThingunApp.swift */,
				DC37044E2798FDF600FC2759 /* Fonts */,
				DCBC4E0F279876DC0013E746 /* Info.plist */,
				DCBC4DFC279851E20013E746 /* Views */,
				DCBC4E0A279858D50013E746 /* ViewModels */,
				DCBC4DFF279851F50013E746 /* Utilities */,
				DCBC4DFE279851EE0013E746 /* Data */,
				DCBC4DFD279851E70013E746 /* Services */,
				DCBC4DFB279851D50013E746 /* Models */,
				DCBC4DF1279851C30013E746 /* Assets.xcassets */,
				DCBC4DF3279851C30013E746 /* Preview Content */,
				DCDCDE6727C6290F00D5333F /* Localizable.strings */,
			);
			path = myThingun;
			sourceTree = "<group>";
		};
		DCBC4DF3279851C30013E746 /* Preview Content */ = {
			isa = PBXGroup;
			children = (
				DCBC4DF4279851C30013E746 /* Preview Assets.xcassets */,
			);
			path = "Preview Content";
			sourceTree = "<group>";
		};
		DCBC4DFB279851D50013E746 /* Models */ = {
			isa = PBXGroup;
			children = (
				DCBC4E06279855A40013E746 /* Thingun.swift */,
			);
			path = Models;
			sourceTree = "<group>";
		};
		DCBC4DFC279851E20013E746 /* Views */ = {
			isa = PBXGroup;
			children = (
				DCBC4DEF279851C10013E746 /* ThingunTabView.swift */,
				DCF3761C2799B70A00B0791A /* ThingunFeaturedView */,
				DCF3761B27995F4900B0791A /* Thingun List */,
				DCF3761A27995F2000B0791A /* Thingun Detail */,
				DCF3761927995F1100B0791A /* Add Thingun */,
			);
			path = Views;
			sourceTree = "<group>";
		};
		DCBC4DFD279851E70013E746 /* Services */ = {
			isa = PBXGroup;
			children = (
				DCBC4E08279856920013E746 /* DataService.swift */,
			);
			path = Services;
			sourceTree = "<group>";
		};
		DCBC4DFE279851EE0013E746 /* Data */ = {
			isa = PBXGroup;
			children = (
				DC370485279938B700FC2759 /* Persistence.swift */,
				DCBC4E002798526F0013E746 /* thinguns.json */,
				DCDCDE6927C638B900D5333F /* thinguns_eng.json */,
				DC37045B27991DD700FC2759 /* ThingunDataModel.xcdatamodeld */,
				DC37045E279920D200FC2759 /* Thingun+CoreDataClass.swift */,
				DC37045F279920D200FC2759 /* Thingun+CoreDataProperties.swift */,
				DC370460279920D200FC2759 /* Notes+CoreDataClass.swift */,
				DC370461279920D200FC2759 /* Notes+CoreDataProperties.swift */,
			);
			path = Data;
			sourceTree = "<group>";
		};
		DCBC4DFF279851F50013E746 /* Utilities */ = {
			isa = PBXGroup;
			children = (
				DC37048727993B0D00FC2759 /* Constants.swift */,
			);
			path = Utilities;
			sourceTree = "<group>";
		};
		DCBC4E0A279858D50013E746 /* ViewModels */ = {
			isa = PBXGroup;
			children = (
				DCBC4E0B279858EA0013E746 /* ThingunModel.swift */,
			);
			path = ViewModels;
			sourceTree = "<group>";
		};
		DCF3761927995F1100B0791A /* Add Thingun */ = {
			isa = PBXGroup;
			children = (
				DC37045927991A6D00FC2759 /* AddThingunView.swift */,
				DCF3761D2799B72900B0791A /* AddMetaData.swift */,
				DCF3761F2799C28900B0791A /* ImagePicker.swift */,
				DCF376212799DE0600B0791A /* TextBox.swift */,
				DC69DDF7279AB02800239265 /* EditThingunView.swift */,
			);
			path = "Add Thingun";
			sourceTree = "<group>";
		};
		DCF3761A27995F2000B0791A /* Thingun Detail */ = {
			isa = PBXGroup;
			children = (
				DCBC4E0D27985B380013E746 /* ThingunDetailView.swift */,
			);
			path = "Thingun Detail";
			sourceTree = "<group>";
		};
		DCF3761B27995F4900B0791A /* Thingun List */ = {
			isa = PBXGroup;
			children = (
				DCF37624279A63B300B0791A /* ListView.swift */,
				DC026C102799513A002285CD /* SearchBarView.swift */,
			);
			path = "Thingun List";
			sourceTree = "<group>";
		};
		DCF3761C2799B70A00B0791A /* ThingunFeaturedView */ = {
			isa = PBXGroup;
			children = (
				DCBC4E02279855470013E746 /* ThingunFeaturedView.swift */,
			);
			path = ThingunFeaturedView;
			sourceTree = "<group>";
		};
/* End PBXGroup section */

/* Begin PBXNativeTarget section */
		DCBC4DE9279851C10013E746 /* myThingun */ = {
			isa = PBXNativeTarget;
			buildConfigurationList = DCBC4DF8279851C30013E746 /* Build configuration list for PBXNativeTarget "myThingun" */;
			buildPhases = (
				DCBC4DE6279851C10013E746 /* Sources */,
				DCBC4DE7279851C10013E746 /* Frameworks */,
				DCBC4DE8279851C10013E746 /* Resources */,
			);
			buildRules = (
			);
			dependencies = (
			);
			name = myThingun;
			productName = myThingun;
			productReference = DCBC4DEA279851C10013E746 /* myThingun.app */;
			productType = "com.apple.product-type.application";
		};
/* End PBXNativeTarget section */

/* Begin PBXProject section */
		DCBC4DE2279851C10013E746 /* Project object */ = {
			isa = PBXProject;
			attributes = {
				BuildIndependentTargetsInParallel = 1;
				LastSwiftUpdateCheck = 1320;
				LastUpgradeCheck = 1320;
				TargetAttributes = {
					DCBC4DE9279851C10013E746 = {
						CreatedOnToolsVersion = 13.2.1;
					};
				};
			};
			buildConfigurationList = DCBC4DE5279851C10013E746 /* Build configuration list for PBXProject "myThingun" */;
			compatibilityVersion = "Xcode 13.0";
			developmentRegion = en;
			hasScannedForEncodings = 0;
			knownRegions = (
				en,
				Base,
				ko,
			);
			mainGroup = DCBC4DE1279851C10013E746;
			productRefGroup = DCBC4DEB279851C10013E746 /* Products */;
			projectDirPath = "";
			projectRoot = "";
			targets = (
				DCBC4DE9279851C10013E746 /* myThingun */,
			);
		};
/* End PBXProject section */

/* Begin PBXResourcesBuildPhase section */
		DCBC4DE8279851C10013E746 /* Resources */ = {
			isa = PBXResourcesBuildPhase;
			buildActionMask = 2147483647;
			files = (
				DCBC4DF5279851C30013E746 /* Preview Assets.xcassets in Resources */,
				DC3704562798FE5600FC2759 /* SeoulNamsanvert.otf in Resources */,
				DC3704542798FE5600FC2759 /* SeoulNamsanEB.otf in Resources */,
				DC3704552798FE5600FC2759 /* SeoulNamsanM.otf in Resources */,
				DCDCDE6527C6290F00D5333F /* Localizable.strings in Resources */,
				DCBC4DF2279851C30013E746 /* Assets.xcassets in Resources */,
				DCDCDE6A27C638B900D5333F /* thinguns_eng.json in Resources */,
				DC3704572798FE5600FC2759 /* SeoulNamsanL.otf in Resources */,
				DCBC4E012798526F0013E746 /* thinguns.json in Resources */,
				DC3704582798FE5600FC2759 /* SeoulNamsanB.otf in Resources */,
			);
			runOnlyForDeploymentPostprocessing = 0;
		};
/* End PBXResourcesBuildPhase section */

/* Begin PBXSourcesBuildPhase section */
		DCBC4DE6279851C10013E746 /* Sources */ = {
			isa = PBXSourcesBuildPhase;
			buildActionMask = 2147483647;
			files = (
				DC370462279920D200FC2759 /* Thingun+CoreDataClass.swift in Sources */,
				DC37045D27991DD700FC2759 /* ThingunDataModel.xcdatamodeld in Sources */,
				DC370465279920D200FC2759 /* Notes+CoreDataProperties.swift in Sources */,
				DCBC4E07279855A40013E746 /* Thingun.swift in Sources */,
				DC69DDF8279AB02800239265 /* EditThingunView.swift in Sources */,
				DCBC4DF0279851C10013E746 /* ThingunTabView.swift in Sources */,
				DCBC4E09279856920013E746 /* DataService.swift in Sources */,
				DCF37625279A63B300B0791A /* ListView.swift in Sources */,
				DCF376202799C28900B0791A /* ImagePicker.swift in Sources */,
				DC37048827993B0D00FC2759 /* Constants.swift in Sources */,
				DCF3761E2799B72900B0791A /* AddMetaData.swift in Sources */,
				DCBC4E03279855470013E746 /* ThingunFeaturedView.swift in Sources */,
				DCBC4E0E27985B380013E746 /* ThingunDetailView.swift in Sources */,
				DC370486279938B700FC2759 /* Persistence.swift in Sources */,
				DCBC4DEE279851C10013E746 /* myThingunApp.swift in Sources */,
				DC37045A27991A6D00FC2759 /* AddThingunView.swift in Sources */,
				DC370463279920D200FC2759 /* Thingun+CoreDataProperties.swift in Sources */,
				DCBC4E0C279858EA0013E746 /* ThingunModel.swift in Sources */,
				DC026C112799513A002285CD /* SearchBarView.swift in Sources */,
				DCF376222799DE0600B0791A /* TextBox.swift in Sources */,
				DC370464279920D200FC2759 /* Notes+CoreDataClass.swift in Sources */,
			);
			runOnlyForDeploymentPostprocessing = 0;
		};
/* End PBXSourcesBuildPhase section */

/* Begin PBXVariantGroup section */
		DCDCDE6727C6290F00D5333F /* Localizable.strings */ = {
			isa = PBXVariantGroup;
			children = (
				DCDCDE6627C6290F00D5333F /* en */,
				DCDCDE6827C6293D00D5333F /* ko */,
			);
			name = Localizable.strings;
			sourceTree = "<group>";
		};
/* End PBXVariantGroup section */

/* Begin XCBuildConfiguration section */
		DCBC4DF6279851C30013E746 /* Debug */ = {
			isa = XCBuildConfiguration;
			buildSettings = {
				ALWAYS_SEARCH_USER_PATHS = NO;
				CLANG_ANALYZER_LOCALIZABILITY_NONLOCALIZED = YES;
				CLANG_ANALYZER_NONNULL = YES;
				CLANG_ANALYZER_NUMBER_OBJECT_CONVERSION = YES_AGGRESSIVE;
				CLANG_CXX_LANGUAGE_STANDARD = "gnu++17";
				CLANG_CXX_LIBRARY = "libc++";
				CLANG_ENABLE_MODULES = YES;
				CLANG_ENABLE_OBJC_ARC = YES;
				CLANG_ENABLE_OBJC_WEAK = YES;
				CLANG_WARN_BLOCK_CAPTURE_AUTORELEASING = YES;
				CLANG_WARN_BOOL_CONVERSION = YES;
				CLANG_WARN_COMMA = YES;
				CLANG_WARN_CONSTANT_CONVERSION = YES;
				CLANG_WARN_DEPRECATED_OBJC_IMPLEMENTATIONS = YES;
				CLANG_WARN_DIRECT_OBJC_ISA_USAGE = YES_ERROR;
				CLANG_WARN_DOCUMENTATION_COMMENTS = YES;
				CLANG_WARN_EMPTY_BODY = YES;
				CLANG_WARN_ENUM_CONVERSION = YES;
				CLANG_WARN_INFINITE_RECURSION = YES;
				CLANG_WARN_INT_CONVERSION = YES;
				CLANG_WARN_NON_LITERAL_NULL_CONVERSION = YES;
				CLANG_WARN_OBJC_IMPLICIT_RETAIN_SELF = YES;
				CLANG_WARN_OBJC_LITERAL_CONVERSION = YES;
				CLANG_WARN_OBJC_ROOT_CLASS = YES_ERROR;
				CLANG_WARN_QUOTED_INCLUDE_IN_FRAMEWORK_HEADER = YES;
				CLANG_WARN_RANGE_LOOP_ANALYSIS = YES;
				CLANG_WARN_STRICT_PROTOTYPES = YES;
				CLANG_WARN_SUSPICIOUS_MOVE = YES;
				CLANG_WARN_UNGUARDED_AVAILABILITY = YES_AGGRESSIVE;
				CLANG_WARN_UNREACHABLE_CODE = YES;
				CLANG_WARN__DUPLICATE_METHOD_MATCH = YES;
				COPY_PHASE_STRIP = NO;
				DEBUG_INFORMATION_FORMAT = dwarf;
				ENABLE_STRICT_OBJC_MSGSEND = YES;
				ENABLE_TESTABILITY = YES;
				GCC_C_LANGUAGE_STANDARD = gnu11;
				GCC_DYNAMIC_NO_PIC = NO;
				GCC_NO_COMMON_BLOCKS = YES;
				GCC_OPTIMIZATION_LEVEL = 0;
				GCC_PREPROCESSOR_DEFINITIONS = (
					"DEBUG=1",
					"$(inherited)",
				);
				GCC_WARN_64_TO_32_BIT_CONVERSION = YES;
				GCC_WARN_ABOUT_RETURN_TYPE = YES_ERROR;
				GCC_WARN_UNDECLARED_SELECTOR = YES;
				GCC_WARN_UNINITIALIZED_AUTOS = YES_AGGRESSIVE;
				GCC_WARN_UNUSED_FUNCTION = YES;
				GCC_WARN_UNUSED_VARIABLE = YES;
				IPHONEOS_DEPLOYMENT_TARGET = 15.2;
				MTL_ENABLE_DEBUG_INFO = INCLUDE_SOURCE;
				MTL_FAST_MATH = YES;
				ONLY_ACTIVE_ARCH = YES;
				SDKROOT = iphoneos;
				SWIFT_ACTIVE_COMPILATION_CONDITIONS = DEBUG;
				SWIFT_OPTIMIZATION_LEVEL = "-Onone";
			};
			name = Debug;
		};
		DCBC4DF7279851C30013E746 /* Release */ = {
			isa = XCBuildConfiguration;
			buildSettings = {
				ALWAYS_SEARCH_USER_PATHS = NO;
				CLANG_ANALYZER_LOCALIZABILITY_NONLOCALIZED = YES;
				CLANG_ANALYZER_NONNULL = YES;
				CLANG_ANALYZER_NUMBER_OBJECT_CONVERSION = YES_AGGRESSIVE;
				CLANG_CXX_LANGUAGE_STANDARD = "gnu++17";
				CLANG_CXX_LIBRARY = "libc++";
				CLANG_ENABLE_MODULES = YES;
				CLANG_ENABLE_OBJC_ARC = YES;
				CLANG_ENABLE_OBJC_WEAK = YES;
				CLANG_WARN_BLOCK_CAPTURE_AUTORELEASING = YES;
				CLANG_WARN_BOOL_CONVERSION = YES;
				CLANG_WARN_COMMA = YES;
				CLANG_WARN_CONSTANT_CONVERSION = YES;
				CLANG_WARN_DEPRECATED_OBJC_IMPLEMENTATIONS = YES;
				CLANG_WARN_DIRECT_OBJC_ISA_USAGE = YES_ERROR;
				CLANG_WARN_DOCUMENTATION_COMMENTS = YES;
				CLANG_WARN_EMPTY_BODY = YES;
				CLANG_WARN_ENUM_CONVERSION = YES;
				CLANG_WARN_INFINITE_RECURSION = YES;
				CLANG_WARN_INT_CONVERSION = YES;
				CLANG_WARN_NON_LITERAL_NULL_CONVERSION = YES;
				CLANG_WARN_OBJC_IMPLICIT_RETAIN_SELF = YES;
				CLANG_WARN_OBJC_LITERAL_CONVERSION = YES;
				CLANG_WARN_OBJC_ROOT_CLASS = YES_ERROR;
				CLANG_WARN_QUOTED_INCLUDE_IN_FRAMEWORK_HEADER = YES;
				CLANG_WARN_RANGE_LOOP_ANALYSIS = YES;
				CLANG_WARN_STRICT_PROTOTYPES = YES;
				CLANG_WARN_SUSPICIOUS_MOVE = YES;
				CLANG_WARN_UNGUARDED_AVAILABILITY = YES_AGGRESSIVE;
				CLANG_WARN_UNREACHABLE_CODE = YES;
				CLANG_WARN__DUPLICATE_METHOD_MATCH = YES;
				COPY_PHASE_STRIP = NO;
				DEBUG_INFORMATION_FORMAT = "dwarf-with-dsym";
				ENABLE_NS_ASSERTIONS = NO;
				ENABLE_STRICT_OBJC_MSGSEND = YES;
				GCC_C_LANGUAGE_STANDARD = gnu11;
				GCC_NO_COMMON_BLOCKS = YES;
				GCC_WARN_64_TO_32_BIT_CONVERSION = YES;
				GCC_WARN_ABOUT_RETURN_TYPE = YES_ERROR;
				GCC_WARN_UNDECLARED_SELECTOR = YES;
				GCC_WARN_UNINITIALIZED_AUTOS = YES_AGGRESSIVE;
				GCC_WARN_UNUSED_FUNCTION = YES;
				GCC_WARN_UNUSED_VARIABLE = YES;
				IPHONEOS_DEPLOYMENT_TARGET = 15.2;
				MTL_ENABLE_DEBUG_INFO = NO;
				MTL_FAST_MATH = YES;
				SDKROOT = iphoneos;
				SWIFT_COMPILATION_MODE = wholemodule;
				SWIFT_OPTIMIZATION_LEVEL = "-O";
				VALIDATE_PRODUCT = YES;
			};
			name = Release;
		};
		DCBC4DF9279851C30013E746 /* Debug */ = {
			isa = XCBuildConfiguration;
			buildSettings = {
				ASSETCATALOG_COMPILER_APPICON_NAME = AppIcon;
				ASSETCATALOG_COMPILER_GLOBAL_ACCENT_COLOR_NAME = AccentColor;
				CODE_SIGN_IDENTITY = "Apple Development";
				CODE_SIGN_STYLE = Automatic;
				CURRENT_PROJECT_VERSION = 1;
				DEVELOPMENT_ASSET_PATHS = "\"myThingun/Preview Content\"";
				DEVELOPMENT_TEAM = 7Q45DBK6W7;
				ENABLE_PREVIEWS = YES;
				GENERATE_INFOPLIST_FILE = YES;
				INFOPLIST_FILE = myThingun/Info.plist;
				INFOPLIST_KEY_NSCameraUsageDescription = "Access to the camera to take a photo";
				INFOPLIST_KEY_NSPhotoLibraryUsageDescription = "띵언카드를 만들기 위해서 사진앨범에 접근이 필요합니다.";
				INFOPLIST_KEY_UIApplicationSceneManifest_Generation = YES;
				INFOPLIST_KEY_UIApplicationSupportsIndirectInputEvents = YES;
				INFOPLIST_KEY_UISupportedInterfaceOrientations_iPad = "UIInterfaceOrientationPortrait UIInterfaceOrientationPortraitUpsideDown UIInterfaceOrientationLandscapeLeft UIInterfaceOrientationLandscapeRight";
				INFOPLIST_KEY_UISupportedInterfaceOrientations_iPhone = UIInterfaceOrientationPortrait;
				INFOPLIST_KEY_UIUserInterfaceStyle = Light;
				LD_RUNPATH_SEARCH_PATHS = (
					"$(inherited)",
					"@executable_path/Frameworks",
				);
				MARKETING_VERSION = 1.1;
				PRODUCT_BUNDLE_IDENTIFIER = io.taewankim.myThingun;
				PRODUCT_NAME = "$(TARGET_NAME)";
				SWIFT_EMIT_LOC_STRINGS = YES;
				SWIFT_VERSION = 5.0;
				TARGETED_DEVICE_FAMILY = 1;
			};
			name = Debug;
		};
		DCBC4DFA279851C30013E746 /* Release */ = {
			isa = XCBuildConfiguration;
			buildSettings = {
				ASSETCATALOG_COMPILER_APPICON_NAME = AppIcon;
				ASSETCATALOG_COMPILER_GLOBAL_ACCENT_COLOR_NAME = AccentColor;
				CODE_SIGN_IDENTITY = "Apple Development";
				CODE_SIGN_STYLE = Automatic;
				CURRENT_PROJECT_VERSION = 1;
				DEVELOPMENT_ASSET_PATHS = "\"myThingun/Preview Content\"";
				DEVELOPMENT_TEAM = 7Q45DBK6W7;
				ENABLE_PREVIEWS = YES;
				GENERATE_INFOPLIST_FILE = YES;
				INFOPLIST_FILE = myThingun/Info.plist;
				INFOPLIST_KEY_NSCameraUsageDescription = "Access to the camera to take a photo";
				INFOPLIST_KEY_NSPhotoLibraryUsageDescription = "띵언카드를 만들기 위해서 사진앨범에 접근이 필요합니다.";
				INFOPLIST_KEY_UIApplicationSceneManifest_Generation = YES;
				INFOPLIST_KEY_UIApplicationSupportsIndirectInputEvents = YES;
				INFOPLIST_KEY_UISupportedInterfaceOrientations_iPad = "UIInterfaceOrientationPortrait UIInterfaceOrientationPortraitUpsideDown UIInterfaceOrientationLandscapeLeft UIInterfaceOrientationLandscapeRight";
				INFOPLIST_KEY_UISupportedInterfaceOrientations_iPhone = UIInterfaceOrientationPortrait;
				INFOPLIST_KEY_UIUserInterfaceStyle = Light;
				LD_RUNPATH_SEARCH_PATHS = (
					"$(inherited)",
					"@executable_path/Frameworks",
				);
				MARKETING_VERSION = 1.1;
				PRODUCT_BUNDLE_IDENTIFIER = io.taewankim.myThingun;
				PRODUCT_NAME = "$(TARGET_NAME)";
				SWIFT_EMIT_LOC_STRINGS = YES;
				SWIFT_VERSION = 5.0;
				TARGETED_DEVICE_FAMILY = 1;
			};
			name = Release;
		};
/* End XCBuildConfiguration section */

/* Begin XCConfigurationList section */
		DCBC4DE5279851C10013E746 /* Build configuration list for PBXProject "myThingun" */ = {
			isa = XCConfigurationList;
			buildConfigurations = (
				DCBC4DF6279851C30013E746 /* Debug */,
				DCBC4DF7279851C30013E746 /* Release */,
			);
			defaultConfigurationIsVisible = 0;
			defaultConfigurationName = Release;
		};
		DCBC4DF8279851C30013E746 /* Build configuration list for PBXNativeTarget "myThingun" */ = {
			isa = XCConfigurationList;
			buildConfigurations = (
				DCBC4DF9279851C30013E746 /* Debug */,
				DCBC4DFA279851C30013E746 /* Release */,
			);
			defaultConfigurationIsVisible = 0;
			defaultConfigurationName = Release;
		};
/* End XCConfigurationList section */

/* Begin XCVersionGroup section */
		DC37045B27991DD700FC2759 /* ThingunDataModel.xcdatamodeld */ = {
			isa = XCVersionGroup;
			children = (
				DC37045C27991DD700FC2759 /* ThingunDataModel.xcdatamodel */,
			);
			currentVersion = DC37045C27991DD700FC2759 /* ThingunDataModel.xcdatamodel */;
			path = ThingunDataModel.xcdatamodeld;
			sourceTree = "<group>";
			versionGroupType = wrapper.xcdatamodel;
		};
/* End XCVersionGroup section */
	};
	rootObject = DCBC4DE2279851C10013E746 /* Project object */;
}
